
Microsoft Visual Studio Solution File, Format Version 12.00
# Visual Studio 14
VisualStudioVersion = 14.0.24720.0
MinimumVisualStudioVersion = 10.0.40219.1
Project("{FAE04EC0-301F-11D3-BF4B-00C04F79EFBC}") = "WindowsFormsApplication2", "WindowsFormsApplication2\WindowsFormsApplication2.csproj", "{D95022DB-21AB-4FF3-8280-B9F40E9BCDD6}"
EndProject
Project("{54435603-DBB4-11D2-8724-00A0C9A8B90C}") = "Com Shop Setup", "Com Shop Setup\Com Shop Setup.vdproj", "{51C5681C-8272-4D82-B076-457DA4A380B8}"
EndProject
Global
	GlobalSection(SolutionConfigurationPlatforms) = preSolution
		Debug|Any CPU = Debug|Any CPU
		Release|Any CPU = Release|Any CPU
	EndGlobalSection
	GlobalSection(ProjectConfigurationPlatforms) = postSolution
		{D95022DB-21AB-4FF3-8280-B9F40E9BCDD6}.Debug|Any CPU.ActiveCfg = Debug|Any CPU
		{D95022DB-21AB-4FF3-8280-B9F40E9BCDD6}.Debug|Any CPU.Build.0 = Debug|Any CPU
		{D95022DB-21AB-4FF3-8280-B9F40E9BCDD6}.Release|Any CPU.ActiveCfg = Release|Any CPU
		{D95022DB-21AB-4FF3-8280-B9F40E9BCDD6}.Release|Any CPU.Build.0 = Release|Any CPU
		{51C5681C-8272-4D82-B076-457DA4A380B8}.Debug|Any CPU.ActiveCfg = Debug
		{51C5681C-8272-4D82-B076-457DA4A380B8}.Release|Any CPU.ActiveCfg = Release
	EndGlobalSection
	GlobalSection(SolutionProperties) = preSolution
		HideSolutionNode = FALSE
	EndGlobalSection
EndGlobal
